{
  "requires": true,
  "lockfileVersion": 1,
  "dependencies": {
    "@babel/runtime": {
      "version": "7.10.5",
      "resolved": "https://registry.npm.taobao.org/@babel/runtime/download/@babel/runtime-7.10.5.tgz",
      "integrity": "sha1-MD2L1EDs1aSR6uYRf9M2dphnTFw=",
      "requires": {
        "regenerator-runtime": "^0.13.4"
      }
    },
    "@smt-ui/component": {
      "version": "1.1.40",
      "resolved": "https://registry.npm.taobao.org/@smt-ui/component/download/@smt-ui/component-1.1.40.tgz",
      "integrity": "sha1-crtGdAPSfg0ddgKJE8mqen5npGE=",
      "requires": {
        "@babel/runtime": "^7.7.7"
      }
    },
    "regenerator-runtime": {
      "version": "0.13.5",
      "resolved": "https://registry.npm.taobao.org/regenerator-runtime/download/regenerator-runtime-0.13.5.tgz",
      "integrity": "sha1-2Hih0JS0MG0QuQlkhLM+vVXiZpc="
    }
  }
}
